// !$*UTF8*$!
{
	archiveVersion = 1;
	classes = {
	};
	objectVersion = 46;
	objects = {

/* Begin PBXBuildFile section */
		4DD65D721F264EFC009B264A /* AppDelegate.swift in Sources */ = {isa = PBXBuildFile; fileRef = 4DD65D711F264EFC009B264A /* AppDelegate.swift */; };
		4DD65D771F264EFC009B264A /* Main.storyboard in Resources */ = {isa = PBXBuildFile; fileRef = 4DD65D751F264EFC009B264A /* Main.storyboard */; };
		4DD65D791F264EFC009B264A /* Assets.xcassets in Resources */ = {isa = PBXBuildFile; fileRef = 4DD65D781F264EFC009B264A /* Assets.xcassets */; };
		4DD65D7C1F264EFC009B264A /* LaunchScreen.storyboard in Resources */ = {isa = PBXBuildFile; fileRef = 4DD65D7A1F264EFC009B264A /* LaunchScreen.storyboard */; };
		4DD65D871F266110009B264A /* Setting.swift in Sources */ = {isa = PBXBuildFile; fileRef = 4DD65D861F266110009B264A /* Setting.swift */; };
		4DD65D891F266252009B264A /* SettingsController.swift in Sources */ = {isa = PBXBuildFile; fileRef = 4DD65D881F266252009B264A /* SettingsController.swift */; };
		4DD65D8C1F2668AE009B264A /* SettingsViewController.swift in Sources */ = {isa = PBXBuildFile; fileRef = 4DD65D8B1F2668AE009B264A /* SettingsViewController.swift */; };
		4DD65D8E1F266BFA009B264A /* SettingTableViewCell.swift in Sources */ = {isa = PBXBuildFile; fileRef = 4DD65D8D1F266BFA009B264A /* SettingTableViewCell.swift */; };
/* End PBXBuildFile section */

/* Begin PBXFileReference section */
		4DD65D6E1F264EFC009B264A /* Settings.app */ = {isa = PBXFileReference; explicitFileType = wrapper.application; includeInIndex = 0; path = Settings.app; sourceTree = BUILT_PRODUCTS_DIR; };
		4DD65D711F264EFC009B264A /* AppDelegate.swift */ = {isa = PBXFileReference; lastKnownFileType = sourcecode.swift; path = AppDelegate.swift; sourceTree = "<group>"; };
		4DD65D761F264EFC009B264A /* Base */ = {isa = PBXFileReference; lastKnownFileType = file.storyboard; name = Base; path = Base.lproj/Main.storyboard; sourceTree = "<group>"; };
		4DD65D781F264EFC009B264A /* Assets.xcassets */ = {isa = PBXFileReference; lastKnownFileType = folder.assetcatalog; path = Assets.xcassets; sourceTree = "<group>"; };
		4DD65D7B1F264EFC009B264A /* Base */ = {isa = PBXFileReference; lastKnownFileType = file.storyboard; name = Base; path = Base.lproj/LaunchScreen.storyboard; sourceTree = "<group>"; };
		4DD65D7D1F264EFC009B264A /* Info.plist */ = {isa = PBXFileReference; lastKnownFileType = text.plist.xml; path = Info.plist; sourceTree = "<group>"; };
		4DD65D861F266110009B264A /* Setting.swift */ = {isa = PBXFileReference; fileEncoding = 4; lastKnownFileType = sourcecode.swift; path = Setting.swift; sourceTree = "<group>"; };
		4DD65D881F266252009B264A /* SettingsController.swift */ = {isa = PBXFileReference; fileEncoding = 4; lastKnownFileType = sourcecode.swift; path = SettingsController.swift; sourceTree = "<group>"; };
		4DD65D8B1F2668AE009B264A /* SettingsViewController.swift */ = {isa = PBXFileReference; fileEncoding = 4; lastKnownFileType = sourcecode.swift; path = SettingsViewController.swift; sourceTree = "<group>"; };
		4DD65D8D1F266BFA009B264A /* SettingTableViewCell.swift */ = {isa = PBXFileReference; fileEncoding = 4; lastKnownFileType = sourcecode.swift; path = SettingTableViewCell.swift; sourceTree = "<group>"; };
/* End PBXFileReference section */

/* Begin PBXFrameworksBuildPhase section */
		4DD65D6B1F264EFC009B264A /* Frameworks */ = {
			isa = PBXFrameworksBuildPhase;
			buildActionMask = 2147483647;
			files = (
			);
			runOnlyForDeploymentPostprocessing = 0;
		};
/* End PBXFrameworksBuildPhase section */

/* Begin PBXGroup section */
		4DD65D651F264EFC009B264A = {
			isa = PBXGroup;
			children = (
				4DD65D701F264EFC009B264A /* Settings */,
				4DD65D6F1F264EFC009B264A /* Products */,
			);
			sourceTree = "<group>";
		};
		4DD65D6F1F264EFC009B264A /* Products */ = {
			isa = PBXGroup;
			children = (
				4DD65D6E1F264EFC009B264A /* Settings.app */,
			);
			name = Products;
			sourceTree = "<group>";
		};
		4DD65D701F264EFC009B264A /* Settings */ = {
			isa = PBXGroup;
			children = (
				4DD65D851F2660F1009B264A /* Data */,
				4DD65D711F264EFC009B264A /* AppDelegate.swift */,
				4DD65D841F264F2B009B264A /* UI */,
				4DD65D831F264F1F009B264A /* Resourses */,
			);
			path = Settings;
			sourceTree = "<group>";
		};
		4DD65D831F264F1F009B264A /* Resourses */ = {
			isa = PBXGroup;
			children = (
				4DD65D781F264EFC009B264A /* Assets.xcassets */,
				4DD65D7A1F264EFC009B264A /* LaunchScreen.storyboard */,
				4DD65D7D1F264EFC009B264A /* Info.plist */,
			);
			name = Resourses;
			sourceTree = "<group>";
		};
		4DD65D841F264F2B009B264A /* UI */ = {
			isa = PBXGroup;
			children = (
				4DD65D751F264EFC009B264A /* Main.storyboard */,
				4DD65D8B1F2668AE009B264A /* SettingsViewController.swift */,
				4DD65D8D1F266BFA009B264A /* SettingTableViewCell.swift */,
			);
			name = UI;
			sourceTree = "<group>";
		};
		4DD65D851F2660F1009B264A /* Data */ = {
			isa = PBXGroup;
			children = (
				4DD65D861F266110009B264A /* Setting.swift */,
				4DD65D8A1F266257009B264A /* Controllers */,
			);
			name = Data;
			sourceTree = "<group>";
		};
		4DD65D8A1F266257009B264A /* Controllers */ = {
			isa = PBXGroup;
			children = (
				4DD65D881F266252009B264A /* SettingsController.swift */,
			);
			name = Controllers;
			sourceTree = "<group>";
		};
/* End PBXGroup section */

/* Begin PBXNativeTarget section */
		4DD65D6D1F264EFC009B264A /* Settings */ = {
			isa = PBXNativeTarget;
			buildConfigurationList = 4DD65D801F264EFC009B264A /* Build configuration list for PBXNativeTarget "Settings" */;
			buildPhases = (
				4DD65D6A1F264EFC009B264A /* Sources */,
				4DD65D6B1F264EFC009B264A /* Frameworks */,
				4DD65D6C1F264EFC009B264A /* Resources */,
			);
			buildRules = (
			);
			dependencies = (
			);
			name = Settings;
			productName = Settings;
			productReference = 4DD65D6E1F264EFC009B264A /* Settings.app */;
			productType = "com.apple.product-type.application";
		};
/* End PBXNativeTarget section */

/* Begin PBXProject section */
		4DD65D661F264EFC009B264A /* Project object */ = {
			isa = PBXProject;
			attributes = {
				LastSwiftUpdateCheck = 0830;
				LastUpgradeCheck = 0830;
				ORGANIZATIONNAME = "One Round Technology";
				TargetAttributes = {
					4DD65D6D1F264EFC009B264A = {
						CreatedOnToolsVersion = 8.3.3;
						DevelopmentTeam = ZD63VKN8QT;
						ProvisioningStyle = Automatic;
					};
				};
			};
			buildConfigurationList = 4DD65D691F264EFC009B264A /* Build configuration list for PBXProject "Settings" */;
			compatibilityVersion = "Xcode 3.2";
			developmentRegion = English;
			hasScannedForEncodings = 0;
			knownRegions = (
				en,
				Base,
			);
			mainGroup = 4DD65D651F264EFC009B264A;
			productRefGroup = 4DD65D6F1F264EFC009B264A /* Products */;
			projectDirPath = "";
			projectRoot = "";
			targets = (
				4DD65D6D1F264EFC009B264A /* Settings */,
			);
		};
/* End PBXProject section */

/* Begin PBXResourcesBuildPhase section */
		4DD65D6C1F264EFC009B264A /* Resources */ = {
			isa = PBXResourcesBuildPhase;
			buildActionMask = 2147483647;
			files = (
				4DD65D7C1F264EFC009B264A /* LaunchScreen.storyboard in Resources */,
				4DD65D791F264EFC009B264A /* Assets.xcassets in Resources */,
				4DD65D771F264EFC009B264A /* Main.storyboard in Resources */,
			);
			runOnlyForDeploymentPostprocessing = 0;
		};
/* End PBXResourcesBuildPhase section */

/* Begin PBXSourcesBuildPhase section */
		4DD65D6A1F264EFC009B264A /* Sources */ = {
			isa = PBXSourcesBuildPhase;
			buildActionMask = 2147483647;
			files = (
				4DD65D891F266252009B264A /* SettingsController.swift in Sources */,
				4DD65D8E1F266BFA009B264A /* SettingTableViewCell.swift in Sources */,
				4DD65D871F266110009B264A /* Setting.swift in Sources */,
				4DD65D721F264EFC009B264A /* AppDelegate.swift in Sources */,
				4DD65D8C1F2668AE009B264A /* SettingsViewController.swift in Sources */,
			);
			runOnlyForDeploymentPostprocessing = 0;
		};
/* End PBXSourcesBuildPhase section */

/* Begin PBXVariantGroup section */
		4DD65D751F264EFC009B264A /* Main.storyboard */ = {
			isa = PBXVariantGroup;
			children = (
				4DD65D761F264EFC009B264A /* Base */,
			);
			name = Main.storyboard;
			sourceTree = "<group>";
		};
		4DD65D7A1F264EFC009B264A /* LaunchScreen.storyboard */ = {
			isa = PBXVariantGroup;
			children = (
				4DD65D7B1F264EFC009B264A /* Base */,
			);
			name = LaunchScreen.storyboard;
			sourceTree = "<group>";
		};
/* End PBXVariantGroup section */

/* Begin XCBuildConfiguration section */
		4DD65D7E1F264EFC009B264A /* Debug */ = {
			isa = XCBuildConfiguration;
			buildSettings = {
				ALWAYS_SEARCH_USER_PATHS = NO;
				CLANG_ANALYZER_NONNULL = YES;
				CLANG_ANALYZER_NUMBER_OBJECT_CONVERSION = YES_AGGRESSIVE;
				CLANG_CXX_LANGUAGE_STANDARD = "gnu++0x";
				CLANG_CXX_LIBRARY = "libc++";
				CLANG_ENABLE_MODULES = YES;
				CLANG_ENABLE_OBJC_ARC = YES;
				CLANG_WARN_BOOL_CONVERSION = YES;
				CLANG_WARN_CONSTANT_CONVERSION = YES;
				CLANG_WARN_DIRECT_OBJC_ISA_USAGE = YES_ERROR;
				CLANG_WARN_DOCUMENTATION_COMMENTS = YES;
				CLANG_WARN_EMPTY_BODY = YES;
				CLANG_WARN_ENUM_CONVERSION = YES;
				CLANG_WARN_INFINITE_RECURSION = YES;
				CLANG_WARN_INT_CONVERSION = YES;
				CLANG_WARN_OBJC_ROOT_CLASS = YES_ERROR;
				CLANG_WARN_SUSPICIOUS_MOVE = YES;
				CLANG_WARN_UNREACHABLE_CODE = YES;
				CLANG_WARN__DUPLICATE_METHOD_MATCH = YES;
				"CODE_SIGN_IDENTITY[sdk=iphoneos*]" = "iPhone Developer";
				COPY_PHASE_STRIP = NO;
				DEBUG_INFORMATION_FORMAT = dwarf;
				ENABLE_STRICT_OBJC_MSGSEND = YES;
				ENABLE_TESTABILITY = YES;
				GCC_C_LANGUAGE_STANDARD = gnu99;
				GCC_DYNAMIC_NO_PIC = NO;
				GCC_NO_COMMON_BLOCKS = YES;
				GCC_OPTIMIZATION_LEVEL = 0;
				GCC_PREPROCESSOR_DEFINITIONS = (
					"DEBUG=1",
					"$(inherited)",
				);
				GCC_WARN_64_TO_32_BIT_CONVERSION = YES;
				GCC_WARN_ABOUT_RETURN_TYPE = YES_ERROR;
				GCC_WARN_UNDECLARED_SELECTOR = YES;
				GCC_WARN_UNINITIALIZED_AUTOS = YES_AGGRESSIVE;
				GCC_WARN_UNUSED_FUNCTION = YES;
				GCC_WARN_UNUSED_VARIABLE = YES;
				IPHONEOS_DEPLOYMENT_TARGET = 10.3;
				MTL_ENABLE_DEBUG_INFO = YES;
				ONLY_ACTIVE_ARCH = YES;
				SDKROOT = iphoneos;
				SWIFT_ACTIVE_COMPILATION_CONDITIONS = DEBUG;
				SWIFT_OPTIMIZATION_LEVEL = "-Onone";
				TARGETED_DEVICE_FAMILY = "1,2";
			};
			name = Debug;
		};
		4DD65D7F1F264EFC009B264A /* Release */ = {
			isa = XCBuildConfiguration;
			buildSettings = {
				ALWAYS_SEARCH_USER_PATHS = NO;
				CLANG_ANALYZER_NONNULL = YES;
				CLANG_ANALYZER_NUMBER_OBJECT_CONVERSION = YES_AGGRESSIVE;
				CLANG_CXX_LANGUAGE_STANDARD = "gnu++0x";
				CLANG_CXX_LIBRARY = "libc++";
				CLANG_ENABLE_MODULES = YES;
				CLANG_ENABLE_OBJC_ARC = YES;
				CLANG_WARN_BOOL_CONVERSION = YES;
				CLANG_WARN_CONSTANT_CONVERSION = YES;
				CLANG_WARN_DIRECT_OBJC_ISA_USAGE = YES_ERROR;
				CLANG_WARN_DOCUMENTATION_COMMENTS = YES;
				CLANG_WARN_EMPTY_BODY = YES;
				CLANG_WARN_ENUM_CONVERSION = YES;
				CLANG_WARN_INFINITE_RECURSION = YES;
				CLANG_WARN_INT_CONVERSION = YES;
				CLANG_WARN_OBJC_ROOT_CLASS = YES_ERROR;
				CLANG_WARN_SUSPICIOUS_MOVE = YES;
				CLANG_WARN_UNREACHABLE_CODE = YES;
				CLANG_WARN__DUPLICATE_METHOD_MATCH = YES;
				"CODE_SIGN_IDENTITY[sdk=iphoneos*]" = "iPhone Developer";
				COPY_PHASE_STRIP = NO;
				DEBUG_INFORMATION_FORMAT = "dwarf-with-dsym";
				ENABLE_NS_ASSERTIONS = NO;
				ENABLE_STRICT_OBJC_MSGSEND = YES;
				GCC_C_LANGUAGE_STANDARD = gnu99;
				GCC_NO_COMMON_BLOCKS = YES;
				GCC_WARN_64_TO_32_BIT_CONVERSION = YES;
				GCC_WARN_ABOUT_RETURN_TYPE = YES_ERROR;
				GCC_WARN_UNDECLARED_SELECTOR = YES;
				GCC_WARN_UNINITIALIZED_AUTOS = YES_AGGRESSIVE;
				GCC_WARN_UNUSED_FUNCTION = YES;
				GCC_WARN_UNUSED_VARIABLE = YES;
				IPHONEOS_DEPLOYMENT_TARGET = 10.3;
				MTL_ENABLE_DEBUG_INFO = NO;
				SDKROOT = iphoneos;
				SWIFT_OPTIMIZATION_LEVEL = "-Owholemodule";
				TARGETED_DEVICE_FAMILY = "1,2";
				VALIDATE_PRODUCT = YES;
			};
			name = Release;
		};
		4DD65D811F264EFC009B264A /* Debug */ = {
			isa = XCBuildConfiguration;
			buildSettings = {
				ASSETCATALOG_COMPILER_APPICON_NAME = AppIcon;
				DEVELOPMENT_TEAM = ZD63VKN8QT;
				INFOPLIST_FILE = Settings/Info.plist;
				LD_RUNPATH_SEARCH_PATHS = "$(inherited) @executable_path/Frameworks";
				PRODUCT_BUNDLE_IDENTIFIER = com.OneRoundTechnology.Settings;
				PRODUCT_NAME = "$(TARGET_NAME)";
				SWIFT_VERSION = 3.0;
			};
			name = Debug;
		};
		4DD65D821F264EFC009B264A /* Release */ = {
			isa = XCBuildConfiguration;
			buildSettings = {
				ASSETCATALOG_COMPILER_APPICON_NAME = AppIcon;
				DEVELOPMENT_TEAM = ZD63VKN8QT;
				INFOPLIST_FILE = Settings/Info.plist;
				LD_RUNPATH_SEARCH_PATHS = "$(inherited) @executable_path/Frameworks";
				PRODUCT_BUNDLE_IDENTIFIER = com.OneRoundTechnology.Settings;
				PRODUCT_NAME = "$(TARGET_NAME)";
				SWIFT_VERSION = 3.0;
			};
			name = Release;
		};
/* End XCBuildConfiguration section */

/* Begin XCConfigurationList section */
		4DD65D691F264EFC009B264A /* Build configuration list for PBXProject "Settings" */ = {
			isa = XCConfigurationList;
			buildConfigurations = (
				4DD65D7E1F264EFC009B264A /* Debug */,
				4DD65D7F1F264EFC009B264A /* Release */,
			);
			defaultConfigurationIsVisible = 0;
			defaultConfigurationName = Release;
		};
		4DD65D801F264EFC009B264A /* Build configuration list for PBXNativeTarget "Settings" */ = {
			isa = XCConfigurationList;
			buildConfigurations = (
				4DD65D811F264EFC009B264A /* Debug */,
				4DD65D821F264EFC009B264A /* Release */,
			);
			defaultConfigurationIsVisible = 0;
		};
/* End XCConfigurationList section */
	};
	rootObject = 4DD65D661F264EFC009B264A /* Project object */;
}
